
Microsoft Visual Studio Solution File, Format Version 12.00
# Visual Studio 15
VisualStudioVersion = 15.0.28307.572
MinimumVisualStudioVersion = 10.0.40219.1
Project("{FAE04EC0-301F-11D3-BF4B-00C04F79EFBC}") = "ErgoSalud", "ErgoSalud\ErgoSalud.csproj", "{223B72A4-E097-4022-9CD7-2E9EDA2DE257}"
EndProject
Global
	GlobalSection(SolutionConfigurationPlatforms) = preSolution
		Debug|Any CPU = Debug|Any CPU
		Release|Any CPU = Release|Any CPU
	EndGlobalSection
	GlobalSection(ProjectConfigurationPlatforms) = postSolution
		{223B72A4-E097-4022-9CD7-2E9EDA2DE257}.Debug|Any CPU.ActiveCfg = Debug|Any CPU
		{223B72A4-E097-4022-9CD7-2E9EDA2DE257}.Debug|Any CPU.Build.0 = Debug|Any CPU
		{223B72A4-E097-4022-9CD7-2E9EDA2DE257}.Release|Any CPU.ActiveCfg = Release|Any CPU
		{223B72A4-E097-4022-9CD7-2E9EDA2DE257}.Release|Any CPU.Build.0 = Release|Any CPU
	EndGlobalSection
	GlobalSection(SolutionProperties) = preSolution
		HideSolutionNode = FALSE
	EndGlobalSection
	GlobalSection(ExtensibilityGlobals) = postSolution
		SolutionGuid = {BE6C09B3-52EF-491F-A5E0-0863F5FFF4B0}
	EndGlobalSection
EndGlobal
